{
  "name": "app",
  "lockfileVersion": 3,
  "requires": true,
  "packages": {
    "": {
      "dependencies": {
        "katex": "^0.16.22",
        "marked": "^16.2.0",
        "marked-katex-extension": "^5.1.5"
      }
    },
    "node_modules/commander": {
      "version": "8.3.0",
      "resolved": "https://registry.npmjs.org/commander/-/commander-8.3.0.tgz",
      "integrity": "sha512-OkTL9umf+He2DZkUq8f8J9of7yL6RJKI24dVITBmNfZBmri9zYZQrKkuXiKhyfPSu8tUhnVBB1iKXevvnlR4Ww==",
      "license": "MIT",
      "engines": {
        "node": ">= 12"
      }
    },
    "node_modules/katex": {
      "version": "0.16.22",
      "resolved": "https://registry.npmjs.org/katex/-/katex-0.16.22.tgz",
      "integrity": "sha512-XCHRdUw4lf3SKBaJe4EvgqIuWwkPSo9XoeO8GjQW94Bp7TWv9hNhzZjZ+OH9yf1UmLygb7DIT5GSFQiyt16zYg==",
      "funding": [
        "https://opencollective.com/katex",
        "https://github.com/sponsors/katex"
      ],
      "license": "MIT",
      "dependencies": {
        "commander": "^8.3.0"
      },
      "bin": {
        "katex": "cli.js"
      }
    },
    "node_modules/marked": {
      "version": "16.2.0",
      "resolved": "https://registry.npmjs.org/marked/-/marked-16.2.0.tgz",
      "integrity": "sha512-LbbTuye+0dWRz2TS9KJ7wsnD4KAtpj0MVkWc90XvBa6AslXsT0hTBVH5k32pcSyHH1fst9XEFJunXHktVy0zlg==",
      "license": "MIT",
      "bin": {
        "marked": "bin/marked.js"
      },
      "engines": {
        "node": ">= 20"
      }
    },
    "node_modules/marked-katex-extension": {
      "version": "5.1.5",
      "resolved": "https://registry.npmjs.org/marked-katex-extension/-/marked-katex-extension-5.1.5.tgz",
      "integrity": "sha512-AAlfnpi3ivBWt4Paqb8YW2R7eq2ESJ+AtrgJU1jImUwnxHJAhPkZ5MsR3POnWV9HKwlBLZTVGC5I5+I2xWRiFg==",
      "license": "MIT",
      "peerDependencies": {
        "katex": ">=0.16 <0.17",
        "marked": ">=4 <17"
      }
    }
  }
}
